
Microsoft Visual Studio Solution File, Format Version 12.00
Project("{FAE04EC0-301F-11D3-BF4B-00C04F79EFBC}") = "DomainOnly", "DomainOnly.csproj", "{C9C01E5F-6DC9-477A-A0C5-93287305C104}"
EndProject
Project("{FAE04EC0-301F-11D3-BF4B-00C04F79EFBC}") = "DomainOnlyTests", "DomainOnlyTests\DomainOnlyTests.csproj", "{6F17D77C-D73D-4404-8D3E-395438AAA332}"
EndProject
Global
	GlobalSection(SolutionConfigurationPlatforms) = preSolution
		Debug|Any CPU = Debug|Any CPU
		Release|Any CPU = Release|Any CPU
	EndGlobalSection
	GlobalSection(ProjectConfigurationPlatforms) = postSolution
		{C9C01E5F-6DC9-477A-A0C5-93287305C104}.Debug|Any CPU.ActiveCfg = Debug|Any CPU
		{C9C01E5F-6DC9-477A-A0C5-93287305C104}.Debug|Any CPU.Build.0 = Debug|Any CPU
		{C9C01E5F-6DC9-477A-A0C5-93287305C104}.Release|Any CPU.ActiveCfg = Release|Any CPU
		{C9C01E5F-6DC9-477A-A0C5-93287305C104}.Release|Any CPU.Build.0 = Release|Any CPU
		{6F17D77C-D73D-4404-8D3E-395438AAA332}.Debug|Any CPU.ActiveCfg = Debug|Any CPU
		{6F17D77C-D73D-4404-8D3E-395438AAA332}.Debug|Any CPU.Build.0 = Debug|Any CPU
		{6F17D77C-D73D-4404-8D3E-395438AAA332}.Release|Any CPU.ActiveCfg = Release|Any CPU
		{6F17D77C-D73D-4404-8D3E-395438AAA332}.Release|Any CPU.Build.0 = Release|Any CPU
	EndGlobalSection
EndGlobal
